
Microsoft Visual Studio Solution File, Format Version 12.00
# Visual Studio 2013
VisualStudioVersion = 12.0.31010.0
MinimumVisualStudioVersion = 10.0.40219.1
Project("{FAE04EC0-301F-11D3-BF4B-00C04F79EFBC}") = "demo", "demo\demo.csproj", "{98F5A2F2-5F12-4E4F-AFB7-3486B583DFD7}"
EndProject
Project("{FAE04EC0-301F-11D3-BF4B-00C04F79EFBC}") = "DbTour", "blqw.DbTour\blqw.DbTour.csproj", "{046B3E2C-AA52-4884-8FF3-A14FDAC1153E}"
EndProject
Project("{FAE04EC0-301F-11D3-BF4B-00C04F79EFBC}") = "test", "test\test.csproj", "{641AB507-0EA1-4683-8A09-4038DEC22436}"
EndProject
Project("{2150E333-8FDC-42A3-9474-1A3956D46DE8}") = "Solution Items", "Solution Items", "{AE248888-593F-4DF9-8850-D261A30454C7}"
	ProjectSection(SolutionItems) = preProject
		README.md = README.md
	EndProjectSection
EndProject
Project("{FAE04EC0-301F-11D3-BF4B-00C04F79EFBC}") = "blqw.DBHelper", "..\blqw-dbhelper\blqw.DBHelper\blqw.DBHelper.csproj", "{C55E79EE-7671-44E5-A6C8-6BC3B33F6DCA}"
EndProject
Project("{FAE04EC0-301F-11D3-BF4B-00C04F79EFBC}") = "blqw.Faller", "..\blqw-faller\blqw.Faller\blqw.Faller.csproj", "{4EE617D5-D302-46E3-9B38-D313B86ADD07}"
EndProject
Project("{FAE04EC0-301F-11D3-BF4B-00C04F79EFBC}") = "blqw.FQL", "..\blqw-fql\blqw.FQL\blqw.FQL.csproj", "{ABC4D305-171D-434F-9EB8-419D63C1341C}"
EndProject
Project("{FAE04EC0-301F-11D3-BF4B-00C04F79EFBC}") = "blqw.Literacy", "..\blqw.Literacy\Literacy\Literacy\blqw.Literacy.csproj", "{D0C3B619-180A-407B-BE4A-9C1864B2A06D}"
EndProject
Project("{FAE04EC0-301F-11D3-BF4B-00C04F79EFBC}") = "blqw.Json", "..\blqw-json\blqw.Json\blqw.Json.csproj", "{2F130490-F69D-4F4F-BA8B-DF75ACDD94F9}"
EndProject
Project("{FAE04EC0-301F-11D3-BF4B-00C04F79EFBC}") = "blqw.Core", "..\blqw-core\blqw.Core\blqw.Core.csproj", "{B93F8A74-3E0E-4674-BA6B-FEF954DD1F5B}"
EndProject
Project("{2150E333-8FDC-42A3-9474-1A3956D46DE8}") = "projects", "projects", "{229985AB-E41F-4FFE-9AED-E628C53DC10A}"
EndProject
Global
	GlobalSection(SolutionConfigurationPlatforms) = preSolution
		Debug|Any CPU = Debug|Any CPU
		Release|Any CPU = Release|Any CPU
	EndGlobalSection
	GlobalSection(ProjectConfigurationPlatforms) = postSolution
		{98F5A2F2-5F12-4E4F-AFB7-3486B583DFD7}.Debug|Any CPU.ActiveCfg = Debug|Any CPU
		{98F5A2F2-5F12-4E4F-AFB7-3486B583DFD7}.Debug|Any CPU.Build.0 = Debug|Any CPU
		{98F5A2F2-5F12-4E4F-AFB7-3486B583DFD7}.Release|Any CPU.ActiveCfg = Release|Any CPU
		{98F5A2F2-5F12-4E4F-AFB7-3486B583DFD7}.Release|Any CPU.Build.0 = Release|Any CPU
		{046B3E2C-AA52-4884-8FF3-A14FDAC1153E}.Debug|Any CPU.ActiveCfg = Debug|Any CPU
		{046B3E2C-AA52-4884-8FF3-A14FDAC1153E}.Debug|Any CPU.Build.0 = Debug|Any CPU
		{046B3E2C-AA52-4884-8FF3-A14FDAC1153E}.Release|Any CPU.ActiveCfg = Release|Any CPU
		{046B3E2C-AA52-4884-8FF3-A14FDAC1153E}.Release|Any CPU.Build.0 = Release|Any CPU
		{641AB507-0EA1-4683-8A09-4038DEC22436}.Debug|Any CPU.ActiveCfg = Debug|Any CPU
		{641AB507-0EA1-4683-8A09-4038DEC22436}.Debug|Any CPU.Build.0 = Debug|Any CPU
		{641AB507-0EA1-4683-8A09-4038DEC22436}.Release|Any CPU.ActiveCfg = Release|Any CPU
		{641AB507-0EA1-4683-8A09-4038DEC22436}.Release|Any CPU.Build.0 = Release|Any CPU
		{C55E79EE-7671-44E5-A6C8-6BC3B33F6DCA}.Debug|Any CPU.ActiveCfg = Debug|Any CPU
		{C55E79EE-7671-44E5-A6C8-6BC3B33F6DCA}.Debug|Any CPU.Build.0 = Debug|Any CPU
		{C55E79EE-7671-44E5-A6C8-6BC3B33F6DCA}.Release|Any CPU.ActiveCfg = Release|Any CPU
		{C55E79EE-7671-44E5-A6C8-6BC3B33F6DCA}.Release|Any CPU.Build.0 = Release|Any CPU
		{4EE617D5-D302-46E3-9B38-D313B86ADD07}.Debug|Any CPU.ActiveCfg = Debug|Any CPU
		{4EE617D5-D302-46E3-9B38-D313B86ADD07}.Debug|Any CPU.Build.0 = Debug|Any CPU
		{4EE617D5-D302-46E3-9B38-D313B86ADD07}.Release|Any CPU.ActiveCfg = Release|Any CPU
		{4EE617D5-D302-46E3-9B38-D313B86ADD07}.Release|Any CPU.Build.0 = Release|Any CPU
		{ABC4D305-171D-434F-9EB8-419D63C1341C}.Debug|Any CPU.ActiveCfg = Debug|Any CPU
		{ABC4D305-171D-434F-9EB8-419D63C1341C}.Debug|Any CPU.Build.0 = Debug|Any CPU
		{ABC4D305-171D-434F-9EB8-419D63C1341C}.Release|Any CPU.ActiveCfg = Release|Any CPU
		{ABC4D305-171D-434F-9EB8-419D63C1341C}.Release|Any CPU.Build.0 = Release|Any CPU
		{D0C3B619-180A-407B-BE4A-9C1864B2A06D}.Debug|Any CPU.ActiveCfg = Debug|Any CPU
		{D0C3B619-180A-407B-BE4A-9C1864B2A06D}.Debug|Any CPU.Build.0 = Debug|Any CPU
		{D0C3B619-180A-407B-BE4A-9C1864B2A06D}.Release|Any CPU.ActiveCfg = Release|Any CPU
		{D0C3B619-180A-407B-BE4A-9C1864B2A06D}.Release|Any CPU.Build.0 = Release|Any CPU
		{2F130490-F69D-4F4F-BA8B-DF75ACDD94F9}.Debug|Any CPU.ActiveCfg = Debug|Any CPU
		{2F130490-F69D-4F4F-BA8B-DF75ACDD94F9}.Debug|Any CPU.Build.0 = Debug|Any CPU
		{2F130490-F69D-4F4F-BA8B-DF75ACDD94F9}.Release|Any CPU.ActiveCfg = Release|Any CPU
		{2F130490-F69D-4F4F-BA8B-DF75ACDD94F9}.Release|Any CPU.Build.0 = Release|Any CPU
		{B93F8A74-3E0E-4674-BA6B-FEF954DD1F5B}.Debug|Any CPU.ActiveCfg = Debug|Any CPU
		{B93F8A74-3E0E-4674-BA6B-FEF954DD1F5B}.Debug|Any CPU.Build.0 = Debug|Any CPU
		{B93F8A74-3E0E-4674-BA6B-FEF954DD1F5B}.Release|Any CPU.ActiveCfg = Release|Any CPU
		{B93F8A74-3E0E-4674-BA6B-FEF954DD1F5B}.Release|Any CPU.Build.0 = Release|Any CPU
	EndGlobalSection
	GlobalSection(SolutionProperties) = preSolution
		HideSolutionNode = FALSE
	EndGlobalSection
	GlobalSection(NestedProjects) = preSolution
		{C55E79EE-7671-44E5-A6C8-6BC3B33F6DCA} = {229985AB-E41F-4FFE-9AED-E628C53DC10A}
		{4EE617D5-D302-46E3-9B38-D313B86ADD07} = {229985AB-E41F-4FFE-9AED-E628C53DC10A}
		{ABC4D305-171D-434F-9EB8-419D63C1341C} = {229985AB-E41F-4FFE-9AED-E628C53DC10A}
		{D0C3B619-180A-407B-BE4A-9C1864B2A06D} = {229985AB-E41F-4FFE-9AED-E628C53DC10A}
		{2F130490-F69D-4F4F-BA8B-DF75ACDD94F9} = {229985AB-E41F-4FFE-9AED-E628C53DC10A}
		{B93F8A74-3E0E-4674-BA6B-FEF954DD1F5B} = {229985AB-E41F-4FFE-9AED-E628C53DC10A}
	EndGlobalSection
EndGlobal
